// !$*UTF8*$!
{
	archiveVersion = 1;
	classes = {
	};
	objectVersion = 48;
	objects = {

/* Begin PBXBuildFile section */
		3A214DA121087F1800644FDC /* AppDelegate.swift in Sources */ = {isa = PBXBuildFile; fileRef = 3A214DA021087F1800644FDC /* AppDelegate.swift */; };
		3A214DA321087F1800644FDC /* ViewController.swift in Sources */ = {isa = PBXBuildFile; fileRef = 3A214DA221087F1800644FDC /* ViewController.swift */; };
		3A214DA621087F1800644FDC /* Main.storyboard in Resources */ = {isa = PBXBuildFile; fileRef = 3A214DA421087F1800644FDC /* Main.storyboard */; };
		3A214DA921087F1800644FDC /* CodableProtocol.xcdatamodeld in Sources */ = {isa = PBXBuildFile; fileRef = 3A214DA721087F1800644FDC /* CodableProtocol.xcdatamodeld */; };
		3A214DAB21087F1800644FDC /* Assets.xcassets in Resources */ = {isa = PBXBuildFile; fileRef = 3A214DAA21087F1800644FDC /* Assets.xcassets */; };
		3A214DAE21087F1800644FDC /* LaunchScreen.storyboard in Resources */ = {isa = PBXBuildFile; fileRef = 3A214DAC21087F1800644FDC /* LaunchScreen.storyboard */; };
		3A214DB621088E0C00644FDC /* Company.swift in Sources */ = {isa = PBXBuildFile; fileRef = 3A214DB521088E0C00644FDC /* Company.swift */; };
/* End PBXBuildFile section */

/* Begin PBXFileReference section */
		3A214D9D21087F1800644FDC /* CodableProtocol.app */ = {isa = PBXFileReference; explicitFileType = wrapper.application; includeInIndex = 0; path = CodableProtocol.app; sourceTree = BUILT_PRODUCTS_DIR; };
		3A214DA021087F1800644FDC /* AppDelegate.swift */ = {isa = PBXFileReference; lastKnownFileType = sourcecode.swift; path = AppDelegate.swift; sourceTree = "<group>"; };
		3A214DA221087F1800644FDC /* ViewController.swift */ = {isa = PBXFileReference; lastKnownFileType = sourcecode.swift; path = ViewController.swift; sourceTree = "<group>"; };
		3A214DA521087F1800644FDC /* Base */ = {isa = PBXFileReference; lastKnownFileType = file.storyboard; name = Base; path = Base.lproj/Main.storyboard; sourceTree = "<group>"; };
		3A214DA821087F1800644FDC /* CodableProtocol.xcdatamodel */ = {isa = PBXFileReference; lastKnownFileType = wrapper.xcdatamodel; path = CodableProtocol.xcdatamodel; sourceTree = "<group>"; };
		3A214DAA21087F1800644FDC /* Assets.xcassets */ = {isa = PBXFileReference; lastKnownFileType = folder.assetcatalog; path = Assets.xcassets; sourceTree = "<group>"; };
		3A214DAD21087F1800644FDC /* Base */ = {isa = PBXFileReference; lastKnownFileType = file.storyboard; name = Base; path = Base.lproj/LaunchScreen.storyboard; sourceTree = "<group>"; };
		3A214DAF21087F1800644FDC /* Info.plist */ = {isa = PBXFileReference; lastKnownFileType = text.plist.xml; path = Info.plist; sourceTree = "<group>"; };
		3A214DB521088E0C00644FDC /* Company.swift */ = {isa = PBXFileReference; lastKnownFileType = sourcecode.swift; path = Company.swift; sourceTree = "<group>"; };
/* End PBXFileReference section */

/* Begin PBXFrameworksBuildPhase section */
		3A214D9A21087F1800644FDC /* Frameworks */ = {
			isa = PBXFrameworksBuildPhase;
			buildActionMask = 2147483647;
			files = (
			);
			runOnlyForDeploymentPostprocessing = 0;
		};
/* End PBXFrameworksBuildPhase section */

/* Begin PBXGroup section */
		3A214D9421087F1800644FDC = {
			isa = PBXGroup;
			children = (
				3A214D9F21087F1800644FDC /* CodableProtocol */,
				3A214D9E21087F1800644FDC /* Products */,
			);
			sourceTree = "<group>";
		};
		3A214D9E21087F1800644FDC /* Products */ = {
			isa = PBXGroup;
			children = (
				3A214D9D21087F1800644FDC /* CodableProtocol.app */,
			);
			name = Products;
			sourceTree = "<group>";
		};
		3A214D9F21087F1800644FDC /* CodableProtocol */ = {
			isa = PBXGroup;
			children = (
				3A214DA021087F1800644FDC /* AppDelegate.swift */,
				3A214DA221087F1800644FDC /* ViewController.swift */,
				3A214DA421087F1800644FDC /* Main.storyboard */,
				3A214DAA21087F1800644FDC /* Assets.xcassets */,
				3A214DAC21087F1800644FDC /* LaunchScreen.storyboard */,
				3A214DAF21087F1800644FDC /* Info.plist */,
				3A214DA721087F1800644FDC /* CodableProtocol.xcdatamodeld */,
				3A214DB521088E0C00644FDC /* Company.swift */,
			);
			path = CodableProtocol;
			sourceTree = "<group>";
		};
/* End PBXGroup section */

/* Begin PBXNativeTarget section */
		3A214D9C21087F1800644FDC /* CodableProtocol */ = {
			isa = PBXNativeTarget;
			buildConfigurationList = 3A214DB221087F1800644FDC /* Build configuration list for PBXNativeTarget "CodableProtocol" */;
			buildPhases = (
				3A214D9921087F1800644FDC /* Sources */,
				3A214D9A21087F1800644FDC /* Frameworks */,
				3A214D9B21087F1800644FDC /* Resources */,
			);
			buildRules = (
			);
			dependencies = (
			);
			name = CodableProtocol;
			productName = CodableProtocol;
			productReference = 3A214D9D21087F1800644FDC /* CodableProtocol.app */;
			productType = "com.apple.product-type.application";
		};
/* End PBXNativeTarget section */

/* Begin PBXProject section */
		3A214D9521087F1800644FDC /* Project object */ = {
			isa = PBXProject;
			attributes = {
				LastSwiftUpdateCheck = 0920;
				LastUpgradeCheck = 0920;
				ORGANIZATIONNAME = Gautamarora;
				TargetAttributes = {
					3A214D9C21087F1800644FDC = {
						CreatedOnToolsVersion = 9.2;
						ProvisioningStyle = Automatic;
					};
				};
			};
			buildConfigurationList = 3A214D9821087F1800644FDC /* Build configuration list for PBXProject "CodableProtocol" */;
			compatibilityVersion = "Xcode 8.0";
			developmentRegion = en;
			hasScannedForEncodings = 0;
			knownRegions = (
				en,
				Base,
			);
			mainGroup = 3A214D9421087F1800644FDC;
			productRefGroup = 3A214D9E21087F1800644FDC /* Products */;
			projectDirPath = "";
			projectRoot = "";
			targets = (
				3A214D9C21087F1800644FDC /* CodableProtocol */,
			);
		};
/* End PBXProject section */

/* Begin PBXResourcesBuildPhase section */
		3A214D9B21087F1800644FDC /* Resources */ = {
			isa = PBXResourcesBuildPhase;
			buildActionMask = 2147483647;
			files = (
				3A214DAE21087F1800644FDC /* LaunchScreen.storyboard in Resources */,
				3A214DAB21087F1800644FDC /* Assets.xcassets in Resources */,
				3A214DA621087F1800644FDC /* Main.storyboard in Resources */,
			);
			runOnlyForDeploymentPostprocessing = 0;
		};
/* End PBXResourcesBuildPhase section */

/* Begin PBXSourcesBuildPhase section */
		3A214D9921087F1800644FDC /* Sources */ = {
			isa = PBXSourcesBuildPhase;
			buildActionMask = 2147483647;
			files = (
				3A214DA921087F1800644FDC /* CodableProtocol.xcdatamodeld in Sources */,
				3A214DA321087F1800644FDC /* ViewController.swift in Sources */,
				3A214DB621088E0C00644FDC /* Company.swift in Sources */,
				3A214DA121087F1800644FDC /* AppDelegate.swift in Sources */,
			);
			runOnlyForDeploymentPostprocessing = 0;
		};
/* End PBXSourcesBuildPhase section */

/* Begin PBXVariantGroup section */
		3A214DA421087F1800644FDC /* Main.storyboard */ = {
			isa = PBXVariantGroup;
			children = (
				3A214DA521087F1800644FDC /* Base */,
			);
			name = Main.storyboard;
			sourceTree = "<group>";
		};
		3A214DAC21087F1800644FDC /* LaunchScreen.storyboard */ = {
			isa = PBXVariantGroup;
			children = (
				3A214DAD21087F1800644FDC /* Base */,
			);
			name = LaunchScreen.storyboard;
			sourceTree = "<group>";
		};
/* End PBXVariantGroup section */

/* Begin XCBuildConfiguration section */
		3A214DB021087F1800644FDC /* Debug */ = {
			isa = XCBuildConfiguration;
			buildSettings = {
				ALWAYS_SEARCH_USER_PATHS = NO;
				CLANG_ANALYZER_NONNULL = YES;
				CLANG_ANALYZER_NUMBER_OBJECT_CONVERSION = YES_AGGRESSIVE;
				CLANG_CXX_LANGUAGE_STANDARD = "gnu++14";
				CLANG_CXX_LIBRARY = "libc++";
				CLANG_ENABLE_MODULES = YES;
				CLANG_ENABLE_OBJC_ARC = YES;
				CLANG_WARN_BLOCK_CAPTURE_AUTORELEASING = YES;
				CLANG_WARN_BOOL_CONVERSION = YES;
				CLANG_WARN_COMMA = YES;
				CLANG_WARN_CONSTANT_CONVERSION = YES;
				CLANG_WARN_DIRECT_OBJC_ISA_USAGE = YES_ERROR;
				CLANG_WARN_DOCUMENTATION_COMMENTS = YES;
				CLANG_WARN_EMPTY_BODY = YES;
				CLANG_WARN_ENUM_CONVERSION = YES;
				CLANG_WARN_INFINITE_RECURSION = YES;
				CLANG_WARN_INT_CONVERSION = YES;
				CLANG_WARN_NON_LITERAL_NULL_CONVERSION = YES;
				CLANG_WARN_OBJC_LITERAL_CONVERSION = YES;
				CLANG_WARN_OBJC_ROOT_CLASS = YES_ERROR;
				CLANG_WARN_RANGE_LOOP_ANALYSIS = YES;
				CLANG_WARN_STRICT_PROTOTYPES = YES;
				CLANG_WARN_SUSPICIOUS_MOVE = YES;
				CLANG_WARN_UNGUARDED_AVAILABILITY = YES_AGGRESSIVE;
				CLANG_WARN_UNREACHABLE_CODE = YES;
				CLANG_WARN__DUPLICATE_METHOD_MATCH = YES;
				CODE_SIGN_IDENTITY = "iPhone Developer";
				COPY_PHASE_STRIP = NO;
				DEBUG_INFORMATION_FORMAT = dwarf;
				ENABLE_STRICT_OBJC_MSGSEND = YES;
				ENABLE_TESTABILITY = YES;
				GCC_C_LANGUAGE_STANDARD = gnu11;
				GCC_DYNAMIC_NO_PIC = NO;
				GCC_NO_COMMON_BLOCKS = YES;
				GCC_OPTIMIZATION_LEVEL = 0;
				GCC_PREPROCESSOR_DEFINITIONS = (
					"DEBUG=1",
					"$(inherited)",
				);
				GCC_WARN_64_TO_32_BIT_CONVERSION = YES;
				GCC_WARN_ABOUT_RETURN_TYPE = YES_ERROR;
				GCC_WARN_UNDECLARED_SELECTOR = YES;
				GCC_WARN_UNINITIALIZED_AUTOS = YES_AGGRESSIVE;
				GCC_WARN_UNUSED_FUNCTION = YES;
				GCC_WARN_UNUSED_VARIABLE = YES;
				IPHONEOS_DEPLOYMENT_TARGET = 11.2;
				MTL_ENABLE_DEBUG_INFO = YES;
				ONLY_ACTIVE_ARCH = YES;
				SDKROOT = iphoneos;
				SWIFT_ACTIVE_COMPILATION_CONDITIONS = DEBUG;
				SWIFT_OPTIMIZATION_LEVEL = "-Onone";
			};
			name = Debug;
		};
		3A214DB121087F1800644FDC /* Release */ = {
			isa = XCBuildConfiguration;
			buildSettings = {
				ALWAYS_SEARCH_USER_PATHS = NO;
				CLANG_ANALYZER_NONNULL = YES;
				CLANG_ANALYZER_NUMBER_OBJECT_CONVERSION = YES_AGGRESSIVE;
				CLANG_CXX_LANGUAGE_STANDARD = "gnu++14";
				CLANG_CXX_LIBRARY = "libc++";
				CLANG_ENABLE_MODULES = YES;
				CLANG_ENABLE_OBJC_ARC = YES;
				CLANG_WARN_BLOCK_CAPTURE_AUTORELEASING = YES;
				CLANG_WARN_BOOL_CONVERSION = YES;
				CLANG_WARN_COMMA = YES;
				CLANG_WARN_CONSTANT_CONVERSION = YES;
				CLANG_WARN_DIRECT_OBJC_ISA_USAGE = YES_ERROR;
				CLANG_WARN_DOCUMENTATION_COMMENTS = YES;
				CLANG_WARN_EMPTY_BODY = YES;
				CLANG_WARN_ENUM_CONVERSION = YES;
				CLANG_WARN_INFINITE_RECURSION = YES;
				CLANG_WARN_INT_CONVERSION = YES;
				CLANG_WARN_NON_LITERAL_NULL_CONVERSION = YES;
				CLANG_WARN_OBJC_LITERAL_CONVERSION = YES;
				CLANG_WARN_OBJC_ROOT_CLASS = YES_ERROR;
				CLANG_WARN_RANGE_LOOP_ANALYSIS = YES;
				CLANG_WARN_STRICT_PROTOTYPES = YES;
				CLANG_WARN_SUSPICIOUS_MOVE = YES;
				CLANG_WARN_UNGUARDED_AVAILABILITY = YES_AGGRESSIVE;
				CLANG_WARN_UNREACHABLE_CODE = YES;
				CLANG_WARN__DUPLICATE_METHOD_MATCH = YES;
				CODE_SIGN_IDENTITY = "iPhone Developer";
				COPY_PHASE_STRIP = NO;
				DEBUG_INFORMATION_FORMAT = "dwarf-with-dsym";
				ENABLE_NS_ASSERTIONS = NO;
				ENABLE_STRICT_OBJC_MSGSEND = YES;
				GCC_C_LANGUAGE_STANDARD = gnu11;
				GCC_NO_COMMON_BLOCKS = YES;
				GCC_WARN_64_TO_32_BIT_CONVERSION = YES;
				GCC_WARN_ABOUT_RETURN_TYPE = YES_ERROR;
				GCC_WARN_UNDECLARED_SELECTOR = YES;
				GCC_WARN_UNINITIALIZED_AUTOS = YES_AGGRESSIVE;
				GCC_WARN_UNUSED_FUNCTION = YES;
				GCC_WARN_UNUSED_VARIABLE = YES;
				IPHONEOS_DEPLOYMENT_TARGET = 11.2;
				MTL_ENABLE_DEBUG_INFO = NO;
				SDKROOT = iphoneos;
				SWIFT_OPTIMIZATION_LEVEL = "-Owholemodule";
				VALIDATE_PRODUCT = YES;
			};
			name = Release;
		};
		3A214DB321087F1800644FDC /* Debug */ = {
			isa = XCBuildConfiguration;
			buildSettings = {
				ASSETCATALOG_COMPILER_APPICON_NAME = AppIcon;
				CODE_SIGN_STYLE = Automatic;
				INFOPLIST_FILE = CodableProtocol/Info.plist;
				LD_RUNPATH_SEARCH_PATHS = "$(inherited) @executable_path/Frameworks";
				PRODUCT_BUNDLE_IDENTIFIER = com.codable.protocol.CodableProtocol;
				PRODUCT_NAME = "$(TARGET_NAME)";
				SWIFT_VERSION = 4.0;
				TARGETED_DEVICE_FAMILY = "1,2";
			};
			name = Debug;
		};
		3A214DB421087F1800644FDC /* Release */ = {
			isa = XCBuildConfiguration;
			buildSettings = {
				ASSETCATALOG_COMPILER_APPICON_NAME = AppIcon;
				CODE_SIGN_STYLE = Automatic;
				INFOPLIST_FILE = CodableProtocol/Info.plist;
				LD_RUNPATH_SEARCH_PATHS = "$(inherited) @executable_path/Frameworks";
				PRODUCT_BUNDLE_IDENTIFIER = com.codable.protocol.CodableProtocol;
				PRODUCT_NAME = "$(TARGET_NAME)";
				SWIFT_VERSION = 4.0;
				TARGETED_DEVICE_FAMILY = "1,2";
			};
			name = Release;
		};
/* End XCBuildConfiguration section */

/* Begin XCConfigurationList section */
		3A214D9821087F1800644FDC /* Build configuration list for PBXProject "CodableProtocol" */ = {
			isa = XCConfigurationList;
			buildConfigurations = (
				3A214DB021087F1800644FDC /* Debug */,
				3A214DB121087F1800644FDC /* Release */,
			);
			defaultConfigurationIsVisible = 0;
			defaultConfigurationName = Release;
		};
		3A214DB221087F1800644FDC /* Build configuration list for PBXNativeTarget "CodableProtocol" */ = {
			isa = XCConfigurationList;
			buildConfigurations = (
				3A214DB321087F1800644FDC /* Debug */,
				3A214DB421087F1800644FDC /* Release */,
			);
			defaultConfigurationIsVisible = 0;
			defaultConfigurationName = Release;
		};
/* End XCConfigurationList section */

/* Begin XCVersionGroup section */
		3A214DA721087F1800644FDC /* CodableProtocol.xcdatamodeld */ = {
			isa = XCVersionGroup;
			children = (
				3A214DA821087F1800644FDC /* CodableProtocol.xcdatamodel */,
			);
			currentVersion = 3A214DA821087F1800644FDC /* CodableProtocol.xcdatamodel */;
			path = CodableProtocol.xcdatamodeld;
			sourceTree = "<group>";
			versionGroupType = wrapper.xcdatamodel;
		};
/* End XCVersionGroup section */
	};
	rootObject = 3A214D9521087F1800644FDC /* Project object */;
}
